
Microsoft Visual Studio Solution File, Format Version 12.00
Project("{FAE04EC0-301F-11D3-BF4B-00C04F79EFBC}") = "ImplicitCanvasAnimations", "ImplicitCanvasAnimations\ImplicitCanvasAnimations.csproj", "{0CAB6E12-EAFC-4BDF-B6CA-7B47942CFDFF}"
EndProject
Project("{2150E333-8FDC-42A3-9474-1A3956D46DE8}") = "build", "build", "{D66F0831-A9E8-4595-9FF2-7D895709347D}"
	ProjectSection(SolutionItems) = preProject
		Directory.Build.props = Directory.Build.props
		global.json = global.json
		nuget.config = nuget.config
	EndProjectSection
EndProject
Global
	GlobalSection(SolutionConfigurationPlatforms) = preSolution
		Debug|Any CPU = Debug|Any CPU
		Release|Any CPU = Release|Any CPU
	EndGlobalSection
	GlobalSection(ProjectConfigurationPlatforms) = postSolution
		{0CAB6E12-EAFC-4BDF-B6CA-7B47942CFDFF}.Debug|Any CPU.ActiveCfg = Debug|Any CPU
		{0CAB6E12-EAFC-4BDF-B6CA-7B47942CFDFF}.Debug|Any CPU.Build.0 = Debug|Any CPU
		{0CAB6E12-EAFC-4BDF-B6CA-7B47942CFDFF}.Release|Any CPU.ActiveCfg = Release|Any CPU
		{0CAB6E12-EAFC-4BDF-B6CA-7B47942CFDFF}.Release|Any CPU.Build.0 = Release|Any CPU
	EndGlobalSection
EndGlobal
