
Microsoft Visual Studio Solution File, Format Version 12.00
Project("{FAE04EC0-301F-11D3-BF4B-00C04F79EFBC}") = "ImplicitCanvasAnimations", "ImplicitCanvasAnimations\ImplicitCanvasAnimations.csproj", "{0CAB6E12-EAFC-4BDF-B6CA-7B47942CFDFF}"
EndProject
Project("{2150E333-8FDC-42A3-9474-1A3956D46DE8}") = "build", "build", "{D66F0831-A9E8-4595-9FF2-7D895709347D}"
	ProjectSection(SolutionItems) = preProject
		Directory.Build.props = Directory.Build.props
		global.json = global.json
		nuget.config = nuget.config
	EndProjectSection
EndProject
Project("{FAE04EC0-301F-11D3-BF4B-00C04F79EFBC}") = "ImplicitCanvasAnimations.Desktop", "ImplicitCanvasAnimations.Desktop\ImplicitCanvasAnimations.Desktop.csproj", "{AE7FBF42-6480-44C1-9EA4-499C495FCF06}"
EndProject
Project("{FAE04EC0-301F-11D3-BF4B-00C04F79EFBC}") = "ImplicitCanvasAnimations.Browser", "ImplicitCanvasAnimations.Browser\ImplicitCanvasAnimations.Browser.csproj", "{8DD0D85D-030C-40AB-9A80-ACC15629D3E5}"
EndProject
Global
	GlobalSection(SolutionConfigurationPlatforms) = preSolution
		Debug|Any CPU = Debug|Any CPU
		Release|Any CPU = Release|Any CPU
	EndGlobalSection
	GlobalSection(ProjectConfigurationPlatforms) = postSolution
		{0CAB6E12-EAFC-4BDF-B6CA-7B47942CFDFF}.Debug|Any CPU.ActiveCfg = Debug|Any CPU
		{0CAB6E12-EAFC-4BDF-B6CA-7B47942CFDFF}.Debug|Any CPU.Build.0 = Debug|Any CPU
		{0CAB6E12-EAFC-4BDF-B6CA-7B47942CFDFF}.Release|Any CPU.ActiveCfg = Release|Any CPU
		{0CAB6E12-EAFC-4BDF-B6CA-7B47942CFDFF}.Release|Any CPU.Build.0 = Release|Any CPU
		{AE7FBF42-6480-44C1-9EA4-499C495FCF06}.Debug|Any CPU.ActiveCfg = Debug|Any CPU
		{AE7FBF42-6480-44C1-9EA4-499C495FCF06}.Debug|Any CPU.Build.0 = Debug|Any CPU
		{AE7FBF42-6480-44C1-9EA4-499C495FCF06}.Release|Any CPU.ActiveCfg = Release|Any CPU
		{AE7FBF42-6480-44C1-9EA4-499C495FCF06}.Release|Any CPU.Build.0 = Release|Any CPU
		{8DD0D85D-030C-40AB-9A80-ACC15629D3E5}.Debug|Any CPU.ActiveCfg = Debug|Any CPU
		{8DD0D85D-030C-40AB-9A80-ACC15629D3E5}.Debug|Any CPU.Build.0 = Debug|Any CPU
		{8DD0D85D-030C-40AB-9A80-ACC15629D3E5}.Release|Any CPU.ActiveCfg = Release|Any CPU
		{8DD0D85D-030C-40AB-9A80-ACC15629D3E5}.Release|Any CPU.Build.0 = Release|Any CPU
	EndGlobalSection
EndGlobal
